{
  "originHash" : "378f1d5c3538f19697eedbdc64ed90316aac05ee8e21a2c545a4cb85595f8088",
  "pins" : [
    {
      "identity" : "goalmanager",
      "kind" : "remoteSourceControl",
      "location" : "https://github.com/ntobekosikithi/GoalManager.git",
      "state" : {
        "branch" : "main",
        "revision" : "6cd61657fcff87e4f69e76e04760bedc41ec27bf"
      }
    },
    {
      "identity" : "utilities",
      "kind" : "remoteSourceControl",
      "location" : "https://github.com/ntobekosikithi/Utilities.git",
      "state" : {
        "branch" : "main",
        "revision" : "2be545f5c3fe47a394d99caa20c2513b32dc62da"
      }
    }
  ],
  "version" : 3
}
