{
  "originHash" : "378f1d5c3538f19697eedbdc64ed90316aac05ee8e21a2c545a4cb85595f8088",
  "pins" : [
    {
      "identity" : "goalmanager",
      "kind" : "remoteSourceControl",
      "location" : "https://github.com/ntobekosikithi/GoalManager.git",
      "state" : {
        "branch" : "main",
        "revision" : "d56eee25748a757570af7802e169767f8cb1802b"
      }
    },
    {
      "identity" : "utilities",
      "kind" : "remoteSourceControl",
      "location" : "https://github.com/ntobekosikithi/Utilities.git",
      "state" : {
        "branch" : "main",
        "revision" : "5ebaae67ca88f8d9a839a72e5984b06fbea974b1"
      }
    }
  ],
  "version" : 3
}
