{
  "originHash" : "378f1d5c3538f19697eedbdc64ed90316aac05ee8e21a2c545a4cb85595f8088",
  "pins" : [
    {
      "identity" : "goalmanager",
      "kind" : "remoteSourceControl",
      "location" : "https://github.com/ntobekosikithi/GoalManager.git",
      "state" : {
        "branch" : "main",
        "revision" : "6290bc617814508367486ab5bfebf452c94bbd6e"
      }
    },
    {
      "identity" : "utilities",
      "kind" : "remoteSourceControl",
      "location" : "https://github.com/ntobekosikithi/Utilities.git",
      "state" : {
        "branch" : "main",
        "revision" : "55a7e5f3f63374b3a68981312babdf23809472ad"
      }
    }
  ],
  "version" : 3
}
